
Microsoft Visual Studio Solution File, Format Version 12.00
# Visual Studio Version 17
VisualStudioVersion = 17.11.35327.3
MinimumVisualStudioVersion = 10.0.40219.1
Project("{FAE04EC0-301F-11D3-BF4B-00C04F79EFBC}") = "GradeDAL", "GradeDAL\GradeDAL.csproj", "{E052F98D-D58C-45CA-8FBA-D5117585728B}"
EndProject
Project("{9A19103F-16F7-4668-BE54-9A1E7A4F7556}") = "GradeDO", "GradeDO\GradeDO.csproj", "{83C39933-98C5-4406-9F36-AF6A349A2994}"
EndProject
Global
	GlobalSection(SolutionConfigurationPlatforms) = preSolution
		Debug|Any CPU = Debug|Any CPU
		Release|Any CPU = Release|Any CPU
	EndGlobalSection
	GlobalSection(ProjectConfigurationPlatforms) = postSolution
		{E052F98D-D58C-45CA-8FBA-D5117585728B}.Debug|Any CPU.ActiveCfg = Debug|Any CPU
		{E052F98D-D58C-45CA-8FBA-D5117585728B}.Debug|Any CPU.Build.0 = Debug|Any CPU
		{E052F98D-D58C-45CA-8FBA-D5117585728B}.Release|Any CPU.ActiveCfg = Release|Any CPU
		{E052F98D-D58C-45CA-8FBA-D5117585728B}.Release|Any CPU.Build.0 = Release|Any CPU
		{83C39933-98C5-4406-9F36-AF6A349A2994}.Debug|Any CPU.ActiveCfg = Debug|Any CPU
		{83C39933-98C5-4406-9F36-AF6A349A2994}.Debug|Any CPU.Build.0 = Debug|Any CPU
		{83C39933-98C5-4406-9F36-AF6A349A2994}.Release|Any CPU.ActiveCfg = Release|Any CPU
		{83C39933-98C5-4406-9F36-AF6A349A2994}.Release|Any CPU.Build.0 = Release|Any CPU
	EndGlobalSection
	GlobalSection(SolutionProperties) = preSolution
		HideSolutionNode = FALSE
	EndGlobalSection
	GlobalSection(ExtensibilityGlobals) = postSolution
		SolutionGuid = {A8C21046-C61E-4373-AEF2-EC98BA1A2939}
	EndGlobalSection
EndGlobal
